
Microsoft Visual Studio Solution File, Format Version 12.00
# Visual Studio Version 17
VisualStudioVersion = 17.7.34031.279
MinimumVisualStudioVersion = 10.0.40219.1
Project("{FAE04EC0-301F-11D3-BF4B-00C04F79EFBC}") = "tugas_crud_database", "tugas_crud_database\tugas_crud_database.csproj", "{03048638-51F3-4BDC-941C-A4E3E6CFB1DA}"
EndProject
Global
	GlobalSection(SolutionConfigurationPlatforms) = preSolution
		Debug|Any CPU = Debug|Any CPU
		Release|Any CPU = Release|Any CPU
	EndGlobalSection
	GlobalSection(ProjectConfigurationPlatforms) = postSolution
		{03048638-51F3-4BDC-941C-A4E3E6CFB1DA}.Debug|Any CPU.ActiveCfg = Debug|Any CPU
		{03048638-51F3-4BDC-941C-A4E3E6CFB1DA}.Debug|Any CPU.Build.0 = Debug|Any CPU
		{03048638-51F3-4BDC-941C-A4E3E6CFB1DA}.Release|Any CPU.ActiveCfg = Release|Any CPU
		{03048638-51F3-4BDC-941C-A4E3E6CFB1DA}.Release|Any CPU.Build.0 = Release|Any CPU
	EndGlobalSection
	GlobalSection(SolutionProperties) = preSolution
		HideSolutionNode = FALSE
	EndGlobalSection
	GlobalSection(ExtensibilityGlobals) = postSolution
		SolutionGuid = {CE5ABB67-BAAB-4BDB-A342-2AAD7365FA03}
	EndGlobalSection
EndGlobal
